
Microsoft Visual Studio Solution File, Format Version 12.00
# Visual Studio Version 16
VisualStudioVersion = 16.0.30406.217
MinimumVisualStudioVersion = 10.0.40219.1
Project("{8BC9CEB8-8B4A-11D0-8D11-00A0C91BC942}") = "test_9-9", "test_9-9.vcxproj", "{31F3CBBF-CFC5-4885-A07C-87D80D3DB170}"
EndProject
Global
	GlobalSection(SolutionConfigurationPlatforms) = preSolution
		Debug|x64 = Debug|x64
		Debug|x86 = Debug|x86
		Release|x64 = Release|x64
		Release|x86 = Release|x86
	EndGlobalSection
	GlobalSection(ProjectConfigurationPlatforms) = postSolution
		{31F3CBBF-CFC5-4885-A07C-87D80D3DB170}.Debug|x64.ActiveCfg = Debug|x64
		{31F3CBBF-CFC5-4885-A07C-87D80D3DB170}.Debug|x64.Build.0 = Debug|x64
		{31F3CBBF-CFC5-4885-A07C-87D80D3DB170}.Debug|x86.ActiveCfg = Debug|Win32
		{31F3CBBF-CFC5-4885-A07C-87D80D3DB170}.Debug|x86.Build.0 = Debug|Win32
		{31F3CBBF-CFC5-4885-A07C-87D80D3DB170}.Release|x64.ActiveCfg = Release|x64
		{31F3CBBF-CFC5-4885-A07C-87D80D3DB170}.Release|x64.Build.0 = Release|x64
		{31F3CBBF-CFC5-4885-A07C-87D80D3DB170}.Release|x86.ActiveCfg = Release|Win32
		{31F3CBBF-CFC5-4885-A07C-87D80D3DB170}.Release|x86.Build.0 = Release|Win32
	EndGlobalSection
	GlobalSection(SolutionProperties) = preSolution
		HideSolutionNode = FALSE
	EndGlobalSection
	GlobalSection(ExtensibilityGlobals) = postSolution
		SolutionGuid = {822619F9-2799-471C-9069-643E0EC784A4}
	EndGlobalSection
EndGlobal
